
Microsoft Visual Studio Solution File, Format Version 12.00
# Visual Studio 15
VisualStudioVersion = 15.0.28307.779
MinimumVisualStudioVersion = 10.0.40219.1
Project("{FAE04EC0-301F-11D3-BF4B-00C04F79EFBC}") = "SharpRDP", "SharpRDP\SharpRDP.csproj", "{F1DF1D0F-FF86-4106-97A8-F95AAF525C54}"
EndProject
Global
	GlobalSection(SolutionConfigurationPlatforms) = preSolution
		Debug|Any CPU = Debug|Any CPU
		Release|Any CPU = Release|Any CPU
	EndGlobalSection
	GlobalSection(ProjectConfigurationPlatforms) = postSolution
		{F1DF1D0F-FF86-4106-97A8-F95AAF525C54}.Debug|Any CPU.ActiveCfg = Debug|Any CPU
		{F1DF1D0F-FF86-4106-97A8-F95AAF525C54}.Debug|Any CPU.Build.0 = Debug|Any CPU
		{F1DF1D0F-FF86-4106-97A8-F95AAF525C54}.Release|Any CPU.ActiveCfg = Release|Any CPU
		{F1DF1D0F-FF86-4106-97A8-F95AAF525C54}.Release|Any CPU.Build.0 = Release|Any CPU
	EndGlobalSection
	GlobalSection(SolutionProperties) = preSolution
		HideSolutionNode = FALSE
	EndGlobalSection
	GlobalSection(ExtensibilityGlobals) = postSolution
		SolutionGuid = {1C494E11-94DE-47DD-937E-853618D19F32}
	EndGlobalSection
EndGlobal
